# This file is automatically @generated by Poetry 1.5.1 and should not be changed by hand.

[[package]]
name = "types-setuptools"
version = "67.8.0.0"
description = "Typing stubs for setuptools"
optional = false
python-versions = "*"
files = [
    {file = "types-setuptools-67.8.0.0.tar.gz", hash = "sha256:95c9ed61871d6c0e258433373a4e1753c0a7c3627a46f4d4058c7b5a08ab844f"},
    {file = "types_setuptools-67.8.0.0-py3-none-any.whl", hash = "sha256:6df73340d96b238a4188b7b7668814b37e8018168aef1eef94a3b1872e3f60ff"},
]

[metadata]
lock-version = "2.0"
python-versions = "^3.10"
content-hash = "c439e2e61c796b8dcd792ebc46a3fcd726db24f83625ad482fe85985343294c0"
