# This file is automatically @generated by Poetry 1.4.0 and should not be changed by hand.

[[package]]
name = "protobuf"
version = "4.24.2"
description = ""
category = "main"
optional = false
python-versions = ">=3.7"
files = [
    {file = "protobuf-4.24.2-cp310-abi3-win32.whl", hash = "sha256:58e12d2c1aa428ece2281cef09bbaa6938b083bcda606db3da4e02e991a0d924"},
    {file = "protobuf-4.24.2-cp310-abi3-win_amd64.whl", hash = "sha256:77700b55ba41144fc64828e02afb41901b42497b8217b558e4a001f18a85f2e3"},
    {file = "protobuf-4.24.2-cp37-abi3-macosx_10_9_universal2.whl", hash = "sha256:237b9a50bd3b7307d0d834c1b0eb1a6cd47d3f4c2da840802cd03ea288ae8880"},
    {file = "protobuf-4.24.2-cp37-abi3-manylinux2014_aarch64.whl", hash = "sha256:25ae91d21e3ce8d874211110c2f7edd6384816fb44e06b2867afe35139e1fd1c"},
    {file = "protobuf-4.24.2-cp37-abi3-manylinux2014_x86_64.whl", hash = "sha256:c00c3c7eb9ad3833806e21e86dca448f46035242a680f81c3fe068ff65e79c74"},
    {file = "protobuf-4.24.2-cp37-cp37m-win32.whl", hash = "sha256:4e69965e7e54de4db989289a9b971a099e626f6167a9351e9d112221fc691bc1"},
    {file = "protobuf-4.24.2-cp37-cp37m-win_amd64.whl", hash = "sha256:c5cdd486af081bf752225b26809d2d0a85e575b80a84cde5172a05bbb1990099"},
    {file = "protobuf-4.24.2-cp38-cp38-win32.whl", hash = "sha256:6bd26c1fa9038b26c5c044ee77e0ecb18463e957fefbaeb81a3feb419313a54e"},
    {file = "protobuf-4.24.2-cp38-cp38-win_amd64.whl", hash = "sha256:bb7aa97c252279da65584af0456f802bd4b2de429eb945bbc9b3d61a42a8cd16"},
    {file = "protobuf-4.24.2-cp39-cp39-win32.whl", hash = "sha256:2b23bd6e06445699b12f525f3e92a916f2dcf45ffba441026357dea7fa46f42b"},
    {file = "protobuf-4.24.2-cp39-cp39-win_amd64.whl", hash = "sha256:839952e759fc40b5d46be319a265cf94920174d88de31657d5622b5d8d6be5cd"},
    {file = "protobuf-4.24.2-py3-none-any.whl", hash = "sha256:3b7b170d3491ceed33f723bbf2d5a260f8a4e23843799a3906f16ef736ef251e"},
    {file = "protobuf-4.24.2.tar.gz", hash = "sha256:7fda70797ddec31ddfa3576cbdcc3ddbb6b3078b737a1a87ab9136af0570cd6e"},
]

[[package]]
name = "types-setuptools"
version = "67.8.0.0"
description = "Typing stubs for setuptools"
category = "dev"
optional = false
python-versions = "*"
files = [
    {file = "types-setuptools-67.8.0.0.tar.gz", hash = "sha256:95c9ed61871d6c0e258433373a4e1753c0a7c3627a46f4d4058c7b5a08ab844f"},
    {file = "types_setuptools-67.8.0.0-py3-none-any.whl", hash = "sha256:6df73340d96b238a4188b7b7668814b37e8018168aef1eef94a3b1872e3f60ff"},
]

[metadata]
lock-version = "2.0"
python-versions = "^3.10"
content-hash = "296605668382570f81de82f1ea680983a59266c745fbd71496267d214954f99e"
